
Microsoft Visual Studio Solution File, Format Version 12.00
# Visual Studio Version 17
VisualStudioVersion = 17.1.32319.34
MinimumVisualStudioVersion = 10.0.40219.1
Project("{9A19103F-16F7-4668-BE54-9A1E7A4F7556}") = "Net6Microsoft.Extensions.LoggingToSeq", "Net6Microsoft.Extensions.LoggingToSeq\Net6Microsoft.Extensions.LoggingToSeq.csproj", "{05E4C574-9DC0-43CA-AC42-C7DE45271F01}"
EndProject
Project("{9A19103F-16F7-4668-BE54-9A1E7A4F7556}") = "Net6NlogToSeq", "Net6NlogToSeq\Net6NlogToSeq.csproj", "{338C61FE-F697-4982-9131-A72875DC57B7}"
EndProject
Project("{FAE04EC0-301F-11D3-BF4B-00C04F79EFBC}") = "Net6SeriLogToSeq", "Net6SeriLogToSeq\Net6SeriLogToSeq.csproj", "{E9F48D02-5705-4B61-9F4B-79FD9919DDCC}"
EndProject
Global
	GlobalSection(SolutionConfigurationPlatforms) = preSolution
		Debug|Any CPU = Debug|Any CPU
		Release|Any CPU = Release|Any CPU
	EndGlobalSection
	GlobalSection(ProjectConfigurationPlatforms) = postSolution
		{05E4C574-9DC0-43CA-AC42-C7DE45271F01}.Debug|Any CPU.ActiveCfg = Debug|Any CPU
		{05E4C574-9DC0-43CA-AC42-C7DE45271F01}.Debug|Any CPU.Build.0 = Debug|Any CPU
		{05E4C574-9DC0-43CA-AC42-C7DE45271F01}.Release|Any CPU.ActiveCfg = Release|Any CPU
		{05E4C574-9DC0-43CA-AC42-C7DE45271F01}.Release|Any CPU.Build.0 = Release|Any CPU
		{338C61FE-F697-4982-9131-A72875DC57B7}.Debug|Any CPU.ActiveCfg = Debug|Any CPU
		{338C61FE-F697-4982-9131-A72875DC57B7}.Debug|Any CPU.Build.0 = Debug|Any CPU
		{338C61FE-F697-4982-9131-A72875DC57B7}.Release|Any CPU.ActiveCfg = Release|Any CPU
		{338C61FE-F697-4982-9131-A72875DC57B7}.Release|Any CPU.Build.0 = Release|Any CPU
		{E9F48D02-5705-4B61-9F4B-79FD9919DDCC}.Debug|Any CPU.ActiveCfg = Debug|Any CPU
		{E9F48D02-5705-4B61-9F4B-79FD9919DDCC}.Debug|Any CPU.Build.0 = Debug|Any CPU
		{E9F48D02-5705-4B61-9F4B-79FD9919DDCC}.Release|Any CPU.ActiveCfg = Release|Any CPU
		{E9F48D02-5705-4B61-9F4B-79FD9919DDCC}.Release|Any CPU.Build.0 = Release|Any CPU
	EndGlobalSection
	GlobalSection(SolutionProperties) = preSolution
		HideSolutionNode = FALSE
	EndGlobalSection
	GlobalSection(ExtensibilityGlobals) = postSolution
		SolutionGuid = {DA8361C1-E42D-4F2B-80E4-81F6CB00AE4B}
	EndGlobalSection
EndGlobal
